
Microsoft Visual Studio Solution File, Format Version 12.00
# Visual Studio 15
Project("{FAE04EC0-301F-11D3-BF4B-00C04F79EFBC}") = "ToDoWebService", "TodoWebService\TodoWebService.csproj", "{6C08F773-9E45-4546-B4DF-6C64F66A412F}"
EndProject
Global
	GlobalSection(SolutionConfigurationPlatforms) = preSolution
		Debug|Any CPU = Debug|Any CPU
		Release|Any CPU = Release|Any CPU
	EndGlobalSection
	GlobalSection(ProjectConfigurationPlatforms) = postSolution
		{6C08F773-9E45-4546-B4DF-6C64F66A412F}.Debug|Any CPU.ActiveCfg = Debug|Any CPU
		{6C08F773-9E45-4546-B4DF-6C64F66A412F}.Debug|Any CPU.Build.0 = Debug|Any CPU
		{6C08F773-9E45-4546-B4DF-6C64F66A412F}.Release|Any CPU.ActiveCfg = Release|Any CPU
		{6C08F773-9E45-4546-B4DF-6C64F66A412F}.Release|Any CPU.Build.0 = Release|Any CPU
	EndGlobalSection
	GlobalSection(MonoDevelopProperties) = preSolution
		Policies = $0
		$0.DotNetNamingPolicy = $1
		$1.DirectoryNamespaceAssociation = PrefixedHierarchical
		outputpath = build/bin
	EndGlobalSection
EndGlobal
